PODS:
  - Mixpanel (2.7.3):
    - Mixpanel/MPCategoryHelpers (= 2.7.3)
  - Mixpanel/MPCategoryHelpers (2.7.3)
  - Shimmer (1.0.2)
  - SVProgressHUD (1.1.3)

DEPENDENCIES:
  - Mixpanel
  - Shimmer
  - SVProgressHUD

SPEC CHECKSUMS:
  Mixpanel: 1d387d76800e07e953958c62c97fea27f13632dd
  Shimmer: c5374be1c2b0c9e292fb05b339a513cf291cac86
  SVProgressHUD: 748080e4f36e603f6c02aec292664239df5279c1

COCOAPODS: 0.37.0
